
Microsoft Visual Studio Solution File, Format Version 12.00
# Visual Studio Version 16
VisualStudioVersion = 16.0.31911.196
MinimumVisualStudioVersion = 10.0.40219.1
Project("{2150E333-8FDC-42A3-9474-1A3956D46DE8}") = "src", "src", "{0210579B-6F03-4895-9353-13EE0F51FCF3}"
EndProject
Project("{2150E333-8FDC-42A3-9474-1A3956D46DE8}") = "SolutionItems", "SolutionItems", "{BFE95887-5D20-42F2-A585-A43241D746A8}"
	ProjectSection(SolutionItems) = preProject
		deploy.bat = deploy.bat
		README.md = README.md
		rougamo-catapm.png = rougamo-catapm.png
	EndProjectSection
EndProject
Project("{FAE04EC0-301F-11D3-BF4B-00C04F79EFBC}") = "Rougamo.CatApm", "src\Rougamo.CatApm\Rougamo.CatApm.csproj", "{8CEF0B79-D60B-431F-951D-843D493A486A}"
EndProject
Global
	GlobalSection(SolutionConfigurationPlatforms) = preSolution
		Debug|Any CPU = Debug|Any CPU
		Release|Any CPU = Release|Any CPU
	EndGlobalSection
	GlobalSection(ProjectConfigurationPlatforms) = postSolution
		{8CEF0B79-D60B-431F-951D-843D493A486A}.Debug|Any CPU.ActiveCfg = Debug|Any CPU
		{8CEF0B79-D60B-431F-951D-843D493A486A}.Debug|Any CPU.Build.0 = Debug|Any CPU
		{8CEF0B79-D60B-431F-951D-843D493A486A}.Release|Any CPU.ActiveCfg = Release|Any CPU
		{8CEF0B79-D60B-431F-951D-843D493A486A}.Release|Any CPU.Build.0 = Release|Any CPU
	EndGlobalSection
	GlobalSection(SolutionProperties) = preSolution
		HideSolutionNode = FALSE
	EndGlobalSection
	GlobalSection(NestedProjects) = preSolution
		{8CEF0B79-D60B-431F-951D-843D493A486A} = {0210579B-6F03-4895-9353-13EE0F51FCF3}
	EndGlobalSection
	GlobalSection(ExtensibilityGlobals) = postSolution
		SolutionGuid = {A68E3AEE-84BF-420D-84B0-9155CFABB28C}
	EndGlobalSection
EndGlobal
